
Microsoft Visual Studio Solution File, Format Version 12.00
# Visual Studio Version 17
VisualStudioVersion = 17.0.32014.148
MinimumVisualStudioVersion = 10.0.40219.1
Project("{9A19103F-16F7-4668-BE54-9A1E7A4F7556}") = "Util", "Util\Util.csproj", "{FB667CD8-C866-4A12-BE12-F5F819CF4C06}"
EndProject
Project("{FAE04EC0-301F-11D3-BF4B-00C04F79EFBC}") = "UtilTests", "UtilTests\UtilTests.csproj", "{B280368A-855F-4D33-AA13-C9338C237680}"
EndProject
Global
	GlobalSection(SolutionConfigurationPlatforms) = preSolution
		Debug|Any CPU = Debug|Any CPU
		Release|Any CPU = Release|Any CPU
	EndGlobalSection
	GlobalSection(ProjectConfigurationPlatforms) = postSolution
		{FB667CD8-C866-4A12-BE12-F5F819CF4C06}.Debug|Any CPU.ActiveCfg = Debug|Any CPU
		{FB667CD8-C866-4A12-BE12-F5F819CF4C06}.Debug|Any CPU.Build.0 = Debug|Any CPU
		{FB667CD8-C866-4A12-BE12-F5F819CF4C06}.Release|Any CPU.ActiveCfg = Release|Any CPU
		{FB667CD8-C866-4A12-BE12-F5F819CF4C06}.Release|Any CPU.Build.0 = Release|Any CPU
		{B280368A-855F-4D33-AA13-C9338C237680}.Debug|Any CPU.ActiveCfg = Debug|Any CPU
		{B280368A-855F-4D33-AA13-C9338C237680}.Debug|Any CPU.Build.0 = Debug|Any CPU
		{B280368A-855F-4D33-AA13-C9338C237680}.Release|Any CPU.ActiveCfg = Release|Any CPU
		{B280368A-855F-4D33-AA13-C9338C237680}.Release|Any CPU.Build.0 = Release|Any CPU
	EndGlobalSection
	GlobalSection(SolutionProperties) = preSolution
		HideSolutionNode = FALSE
	EndGlobalSection
	GlobalSection(ExtensibilityGlobals) = postSolution
		SolutionGuid = {D9C4CD62-B786-4A1E-9819-AF86A520F315}
	EndGlobalSection
EndGlobal
